[[package]]
category = "main"
description = "A small Python module for determining appropriate platform-specific dirs, e.g. a \"user data dir\"."
name = "appdirs"
optional = false
python-versions = "*"
version = "1.4.3"

[[package]]
category = "dev"
description = "Atomic file writes."
name = "atomicwrites"
optional = false
python-versions = ">=2.7, !=3.0.*, !=3.1.*, !=3.2.*, !=3.3.*"
version = "1.3.0"

[[package]]
category = "main"
description = "Classes Without Boilerplate"
name = "attrs"
optional = false
python-versions = ">=2.7, !=3.0.*, !=3.1.*, !=3.2.*, !=3.3.*"
version = "19.3.0"

[package.extras]
azure-pipelines = ["coverage", "hypothesis", "pympler", "pytest (>=4.3.0)", "six", "zope.interface", "pytest-azurepipelines"]
dev = ["coverage", "hypothesis", "pympler", "pytest (>=4.3.0)", "six", "zope.interface", "sphinx", "pre-commit"]
docs = ["sphinx", "zope.interface"]
tests = ["coverage", "hypothesis", "pympler", "pytest (>=4.3.0)", "six", "zope.interface"]

[[package]]
category = "main"
description = "The uncompromising code formatter."
name = "black"
optional = false
python-versions = ">=3.6"
version = "19.10b0"

[package.dependencies]
appdirs = "*"
attrs = ">=18.1.0"
click = ">=6.5"
pathspec = ">=0.6,<1"
regex = "*"
toml = ">=0.9.4"
typed-ast = ">=1.4.0"

[package.extras]
d = ["aiohttp (>=3.3.2)", "aiohttp-cors"]

[[package]]
category = "main"
description = "Composable command line interface toolkit"
name = "click"
optional = false
python-versions = ">=2.7, !=3.0.*, !=3.1.*, !=3.2.*, !=3.3.*"
version = "7.0"

[[package]]
category = "dev"
description = "Cross-platform colored terminal text."
marker = "sys_platform == \"win32\""
name = "colorama"
optional = false
python-versions = ">=2.7, !=3.0.*, !=3.1.*, !=3.2.*, !=3.3.*, !=3.4.*"
version = "0.4.3"

[[package]]
category = "dev"
description = "Discover and load entry points from installed packages."
name = "entrypoints"
optional = false
python-versions = ">=2.7"
version = "0.3"

[[package]]
category = "dev"
description = "the modular source code checker: pep8, pyflakes and co"
name = "flake8"
optional = false
python-versions = ">=2.7, !=3.0.*, !=3.1.*, !=3.2.*, !=3.3.*"
version = "3.7.9"

[package.dependencies]
entrypoints = ">=0.3.0,<0.4.0"
mccabe = ">=0.6.0,<0.7.0"
pycodestyle = ">=2.5.0,<2.6.0"
pyflakes = ">=2.1.0,<2.2.0"

[[package]]
category = "dev"
description = "A plugin for flake8 finding likely bugs and design problems in your program. Contains warnings that don't belong in pyflakes and pycodestyle."
name = "flake8-bugbear"
optional = false
python-versions = ">=3.5"
version = "19.8.0"

[package.dependencies]
attrs = "*"
flake8 = ">=3.0.0"

[[package]]
category = "dev"
description = "Read metadata from Python packages"
marker = "python_version < \"3.8\""
name = "importlib-metadata"
optional = false
python-versions = "!=3.0.*,!=3.1.*,!=3.2.*,!=3.3.*,!=3.4.*,>=2.7"
version = "1.3.0"

[package.dependencies]
zipp = ">=0.5"

[package.extras]
docs = ["sphinx", "rst.linker"]
testing = ["packaging", "importlib-resources"]

[[package]]
category = "dev"
description = "McCabe checker, plugin for flake8"
name = "mccabe"
optional = false
python-versions = "*"
version = "0.6.1"

[[package]]
category = "dev"
description = "More routines for operating on iterables, beyond itertools"
name = "more-itertools"
optional = false
python-versions = ">=3.5"
version = "8.0.2"

[[package]]
category = "dev"
description = "Optional static typing for Python"
name = "mypy"
optional = false
python-versions = ">=3.5"
version = "0.750"

[package.dependencies]
mypy-extensions = ">=0.4.0,<0.5.0"
typed-ast = ">=1.4.0,<1.5.0"
typing-extensions = ">=3.7.4"

[package.extras]
dmypy = ["psutil (>=4.0)"]

[[package]]
category = "dev"
description = "Experimental type system extensions for programs checked with the mypy typechecker."
name = "mypy-extensions"
optional = false
python-versions = "*"
version = "0.4.3"

[[package]]
category = "main"
description = "Utility library for gitignore style pattern matching of file paths."
name = "pathspec"
optional = false
python-versions = ">=2.7, !=3.0.*, !=3.1.*, !=3.2.*, !=3.3.*"
version = "0.6.0"

[[package]]
category = "dev"
description = "plugin and hook calling mechanisms for python"
name = "pluggy"
optional = false
python-versions = ">=2.7, !=3.0.*, !=3.1.*, !=3.2.*, !=3.3.*"
version = "0.13.1"

[package.dependencies]
[package.dependencies.importlib-metadata]
python = "<3.8"
version = ">=0.12"

[package.extras]
dev = ["pre-commit", "tox"]

[[package]]
category = "dev"
description = "library with cross-python path, ini-parsing, io, code, log facilities"
name = "py"
optional = false
python-versions = ">=2.7, !=3.0.*, !=3.1.*, !=3.2.*, !=3.3.*"
version = "1.8.0"

[[package]]
category = "dev"
description = "Python style guide checker"
name = "pycodestyle"
optional = false
python-versions = ">=2.7, !=3.0.*, !=3.1.*, !=3.2.*, !=3.3.*"
version = "2.5.0"

[[package]]
category = "dev"
description = "passive checker of Python programs"
name = "pyflakes"
optional = false
python-versions = ">=2.7, !=3.0.*, !=3.1.*, !=3.2.*, !=3.3.*"
version = "2.1.1"

[[package]]
category = "dev"
description = "pytest: simple powerful testing with Python"
name = "pytest"
optional = false
python-versions = ">=2.7, !=3.0.*, !=3.1.*, !=3.2.*, !=3.3.*"
version = "3.10.1"

[package.dependencies]
atomicwrites = ">=1.0"
attrs = ">=17.4.0"
colorama = "*"
more-itertools = ">=4.0.0"
pluggy = ">=0.7"
py = ">=1.5.0"
setuptools = "*"
six = ">=1.10.0"

[[package]]
category = "main"
description = "A Python binding for the RtMidi C++ library implemented using Cython."
name = "python-rtmidi"
optional = false
python-versions = "*"
version = "1.3.1"

[[package]]
category = "main"
description = "Alternative regular expression module, to replace re."
name = "regex"
optional = false
python-versions = "*"
version = "2019.12.9"

[[package]]
category = "dev"
description = "Python 2 and 3 compatibility utilities"
name = "six"
optional = false
python-versions = ">=2.6, !=3.0.*, !=3.1.*"
version = "1.13.0"

[[package]]
category = "main"
description = "Python Library for Tom's Obvious, Minimal Language"
name = "toml"
optional = false
python-versions = "*"
version = "0.10.0"

[[package]]
category = "main"
description = "a fork of Python 2 and 3 ast modules with type comment support"
name = "typed-ast"
optional = false
python-versions = "*"
version = "1.4.0"

[[package]]
category = "dev"
description = "Backported and Experimental Type Hints for Python 3.5+"
name = "typing-extensions"
optional = false
python-versions = "*"
version = "3.7.4.1"

[[package]]
category = "main"
description = "Fast implementation of asyncio event loop on top of libuv"
name = "uvloop"
optional = false
python-versions = "*"
version = "0.14.0"

[[package]]
category = "dev"
description = "Backport of pathlib-compatible object wrapper for zip files"
marker = "python_version < \"3.8\""
name = "zipp"
optional = false
python-versions = ">=2.7"
version = "0.6.0"

[package.dependencies]
more-itertools = "*"

[package.extras]
docs = ["sphinx", "jaraco.packaging (>=3.2)", "rst.linker (>=1.9)"]
testing = ["pathlib2", "contextlib2", "unittest2"]

[metadata]
content-hash = "1034f81619745d423d0f8f6f4dbc8e8b0d5d10bd7ed8cce49afc0299c57f89b0"
python-versions = "^3.7"

[metadata.files]
appdirs = [
    {file = "appdirs-1.4.3-py2.py3-none-any.whl", hash = "sha256:d8b24664561d0d34ddfaec54636d502d7cea6e29c3eaf68f3df6180863e2166e"},
    {file = "appdirs-1.4.3.tar.gz", hash = "sha256:9e5896d1372858f8dd3344faf4e5014d21849c756c8d5701f78f8a103b372d92"},
]
atomicwrites = [
    {file = "atomicwrites-1.3.0-py2.py3-none-any.whl", hash = "sha256:03472c30eb2c5d1ba9227e4c2ca66ab8287fbfbbda3888aa93dc2e28fc6811b4"},
    {file = "atomicwrites-1.3.0.tar.gz", hash = "sha256:75a9445bac02d8d058d5e1fe689654ba5a6556a1dfd8ce6ec55a0ed79866cfa6"},
]
attrs = [
    {file = "attrs-19.3.0-py2.py3-none-any.whl", hash = "sha256:08a96c641c3a74e44eb59afb61a24f2cb9f4d7188748e76ba4bb5edfa3cb7d1c"},
    {file = "attrs-19.3.0.tar.gz", hash = "sha256:f7b7ce16570fe9965acd6d30101a28f62fb4a7f9e926b3bbc9b61f8b04247e72"},
]
black = [
    {file = "black-19.10b0-py36-none-any.whl", hash = "sha256:1b30e59be925fafc1ee4565e5e08abef6b03fe455102883820fe5ee2e4734e0b"},
    {file = "black-19.10b0.tar.gz", hash = "sha256:c2edb73a08e9e0e6f65a0e6af18b059b8b1cdd5bef997d7a0b181df93dc81539"},
]
click = [
    {file = "Click-7.0-py2.py3-none-any.whl", hash = "sha256:2335065e6395b9e67ca716de5f7526736bfa6ceead690adf616d925bdc622b13"},
    {file = "Click-7.0.tar.gz", hash = "sha256:5b94b49521f6456670fdb30cd82a4eca9412788a93fa6dd6df72c94d5a8ff2d7"},
]
colorama = [
    {file = "colorama-0.4.3-py2.py3-none-any.whl", hash = "sha256:7d73d2a99753107a36ac6b455ee49046802e59d9d076ef8e47b61499fa29afff"},
    {file = "colorama-0.4.3.tar.gz", hash = "sha256:e96da0d330793e2cb9485e9ddfd918d456036c7149416295932478192f4436a1"},
]
entrypoints = [
    {file = "entrypoints-0.3-py2.py3-none-any.whl", hash = "sha256:589f874b313739ad35be6e0cd7efde2a4e9b6fea91edcc34e58ecbb8dbe56d19"},
    {file = "entrypoints-0.3.tar.gz", hash = "sha256:c70dd71abe5a8c85e55e12c19bd91ccfeec11a6e99044204511f9ed547d48451"},
]
flake8 = [
    {file = "flake8-3.7.9-py2.py3-none-any.whl", hash = "sha256:49356e766643ad15072a789a20915d3c91dc89fd313ccd71802303fd67e4deca"},
    {file = "flake8-3.7.9.tar.gz", hash = "sha256:45681a117ecc81e870cbf1262835ae4af5e7a8b08e40b944a8a6e6b895914cfb"},
]
flake8-bugbear = [
    {file = "flake8-bugbear-19.8.0.tar.gz", hash = "sha256:d8c466ea79d5020cb20bf9f11cf349026e09517a42264f313d3f6fddb83e0571"},
    {file = "flake8_bugbear-19.8.0-py35.py36.py37-none-any.whl", hash = "sha256:ded4d282778969b5ab5530ceba7aa1a9f1b86fa7618fc96a19a1d512331640f8"},
]
importlib-metadata = [
    {file = "importlib_metadata-1.3.0-py2.py3-none-any.whl", hash = "sha256:d95141fbfa7ef2ec65cfd945e2af7e5a6ddbd7c8d9a25e66ff3be8e3daf9f60f"},
    {file = "importlib_metadata-1.3.0.tar.gz", hash = "sha256:073a852570f92da5f744a3472af1b61e28e9f78ccf0c9117658dc32b15de7b45"},
]
mccabe = [
    {file = "mccabe-0.6.1-py2.py3-none-any.whl", hash = "sha256:ab8a6258860da4b6677da4bd2fe5dc2c659cff31b3ee4f7f5d64e79735b80d42"},
    {file = "mccabe-0.6.1.tar.gz", hash = "sha256:dd8d182285a0fe56bace7f45b5e7d1a6ebcbf524e8f3bd87eb0f125271b8831f"},
]
more-itertools = [
    {file = "more-itertools-8.0.2.tar.gz", hash = "sha256:b84b238cce0d9adad5ed87e745778d20a3f8487d0f0cb8b8a586816c7496458d"},
    {file = "more_itertools-8.0.2-py3-none-any.whl", hash = "sha256:c833ef592a0324bcc6a60e48440da07645063c453880c9477ceb22490aec1564"},
]
mypy = [
    {file = "mypy-0.750-cp35-cp35m-macosx_10_6_x86_64.whl", hash = "sha256:de9ec8dba773b78c49e7bec9a35c9b6fc5235682ad1fc2105752ae7c22f4b931"},
    {file = "mypy-0.750-cp35-cp35m-manylinux1_x86_64.whl", hash = "sha256:3294821b5840d51a3cd7a2bb63b40fc3f901f6a3cfb3c6046570749c4c7ef279"},
    {file = "mypy-0.750-cp35-cp35m-win_amd64.whl", hash = "sha256:6992133c95a2847d309b4b0c899d7054adc60481df6f6b52bb7dee3d5fd157f7"},
    {file = "mypy-0.750-cp36-cp36m-macosx_10_6_x86_64.whl", hash = "sha256:41696a7d912ce16fdc7c141d87e8db5144d4be664a0c699a2b417d393994b0c2"},
    {file = "mypy-0.750-cp36-cp36m-manylinux1_x86_64.whl", hash = "sha256:c87ac7233c629f305602f563db07f5221950fe34fe30af072ac838fa85395f78"},
    {file = "mypy-0.750-cp36-cp36m-win_amd64.whl", hash = "sha256:83fa87f556e60782c0fc3df1b37b7b4a840314ba1ac27f3e1a1e10cb37c89c17"},
    {file = "mypy-0.750-cp37-cp37m-macosx_10_6_x86_64.whl", hash = "sha256:30e123b24931f02c5d99307406658ac8f9cd6746f0d45a3dcac2fe5fbdd60939"},
    {file = "mypy-0.750-cp37-cp37m-manylinux1_x86_64.whl", hash = "sha256:02d9bdd3398b636723ecb6c5cfe9773025a9ab7f34612c1cde5c7f2292e2d768"},
    {file = "mypy-0.750-cp37-cp37m-win_amd64.whl", hash = "sha256:088f758a50af31cf8b42688118077292370c90c89232c783ba7979f39ea16646"},
    {file = "mypy-0.750-cp38-cp38-macosx_10_9_x86_64.whl", hash = "sha256:4f42675fa278f3913340bb8c3371d191319704437758d7c4a8440346c293ecb2"},
    {file = "mypy-0.750-cp38-cp38-manylinux1_x86_64.whl", hash = "sha256:f385a0accf353ca1bca4bbf473b9d83ed18d923fdb809d3a70a385da23e25b6a"},
    {file = "mypy-0.750-cp38-cp38-win_amd64.whl", hash = "sha256:54d205ccce6ed930a8a2ccf48404896d456e8b87812e491cb907a355b1a9c640"},
    {file = "mypy-0.750-py3-none-any.whl", hash = "sha256:28e9fbc96d13397a7ddb7fad7b14f373f91b5cff538e0772e77c270468df083c"},
    {file = "mypy-0.750.tar.gz", hash = "sha256:6ecbd0e8e371333027abca0922b0c2c632a5b4739a0c61ffbd0733391e39144c"},
]
mypy-extensions = [
    {file = "mypy_extensions-0.4.3-py2.py3-none-any.whl", hash = "sha256:090fedd75945a69ae91ce1303b5824f428daf5a028d2f6ab8a299250a846f15d"},
    {file = "mypy_extensions-0.4.3.tar.gz", hash = "sha256:2d82818f5bb3e369420cb3c4060a7970edba416647068eb4c5343488a6c604a8"},
]
pathspec = [
    {file = "pathspec-0.6.0.tar.gz", hash = "sha256:e285ccc8b0785beadd4c18e5708b12bb8fcf529a1e61215b3feff1d1e559ea5c"},
]
pluggy = [
    {file = "pluggy-0.13.1-py2.py3-none-any.whl", hash = "sha256:966c145cd83c96502c3c3868f50408687b38434af77734af1e9ca461a4081d2d"},
    {file = "pluggy-0.13.1.tar.gz", hash = "sha256:15b2acde666561e1298d71b523007ed7364de07029219b604cf808bfa1c765b0"},
]
py = [
    {file = "py-1.8.0-py2.py3-none-any.whl", hash = "sha256:64f65755aee5b381cea27766a3a147c3f15b9b6b9ac88676de66ba2ae36793fa"},
    {file = "py-1.8.0.tar.gz", hash = "sha256:dc639b046a6e2cff5bbe40194ad65936d6ba360b52b3c3fe1d08a82dd50b5e53"},
]
pycodestyle = [
    {file = "pycodestyle-2.5.0-py2.py3-none-any.whl", hash = "sha256:95a2219d12372f05704562a14ec30bc76b05a5b297b21a5dfe3f6fac3491ae56"},
    {file = "pycodestyle-2.5.0.tar.gz", hash = "sha256:e40a936c9a450ad81df37f549d676d127b1b66000a6c500caa2b085bc0ca976c"},
]
pyflakes = [
    {file = "pyflakes-2.1.1-py2.py3-none-any.whl", hash = "sha256:17dbeb2e3f4d772725c777fabc446d5634d1038f234e77343108ce445ea69ce0"},
    {file = "pyflakes-2.1.1.tar.gz", hash = "sha256:d976835886f8c5b31d47970ed689944a0262b5f3afa00a5a7b4dc81e5449f8a2"},
]
pytest = [
    {file = "pytest-3.10.1-py2.py3-none-any.whl", hash = "sha256:3f193df1cfe1d1609d4c583838bea3d532b18d6160fd3f55c9447fdca30848ec"},
    {file = "pytest-3.10.1.tar.gz", hash = "sha256:e246cf173c01169b9617fc07264b7b1316e78d7a650055235d6d897bc80d9660"},
]
python-rtmidi = [
    {file = "python-rtmidi-1.3.1.tar.gz", hash = "sha256:f9d2a1b5374b2e6856006537b6d4d5ceed4db4c4ee60caec4af83707a78297e4"},
    {file = "python_rtmidi-1.3.1-cp27-cp27m-macosx_10_6_intel.whl", hash = "sha256:ffaed4e6654f5b7458e622146f5cd9253b1ca2986a118b9a86546111b1a55731"},
    {file = "python_rtmidi-1.3.1-cp27-cp27m-win32.whl", hash = "sha256:d657e4f4ce4ad5b1c7ee738540889c031344c59159483bdbb65dab6c8459c746"},
    {file = "python_rtmidi-1.3.1-cp27-cp27m-win_amd64.whl", hash = "sha256:521f2ca02876fae4f3efe7b52dfd2ec7cdba809af07905bd3b25b5aee36eaa50"},
    {file = "python_rtmidi-1.3.1-cp35-cp35m-win32.whl", hash = "sha256:e516a7f876381667eba82417254bb8d138c17dc7666fd70212d839813b60ea19"},
    {file = "python_rtmidi-1.3.1-cp35-cp35m-win_amd64.whl", hash = "sha256:67405b66ba90f8ef423974904ad12bf92d80fc14e4180d13a69e05d787a72849"},
    {file = "python_rtmidi-1.3.1-cp36-cp36m-macosx_10_6_intel.whl", hash = "sha256:7724252c7a2d407c510f089da321755dedbc05a864c1e97c034c807882c3234c"},
    {file = "python_rtmidi-1.3.1-cp36-cp36m-win32.whl", hash = "sha256:ad2a5f0c14faf9810cc92d919096be7167eff8d4fd63abc5e2d7c20e5da9326c"},
    {file = "python_rtmidi-1.3.1-cp36-cp36m-win_amd64.whl", hash = "sha256:30d9fbb0070df100f58f6e93b8149aac2d435ae3b7d368e1fce9fd691184255c"},
    {file = "python_rtmidi-1.3.1-cp37-cp37m-macosx_10_6_intel.whl", hash = "sha256:6a47a5e26675fba87fc90917c63139c8b3aa793bcb429f22fc52fffd87853f00"},
    {file = "python_rtmidi-1.3.1-cp37-cp37m-win32.whl", hash = "sha256:977d93ad6b45b48efddb92aed7fd69e1a33ff5d7130399971101133ad673be3e"},
    {file = "python_rtmidi-1.3.1-cp37-cp37m-win_amd64.whl", hash = "sha256:bee33b8c06431b0f5cfdf500c68e0562e1ec2bd46b8d883b216707f16d51e9a3"},
]
regex = [
    {file = "regex-2019.12.9-cp27-none-win32.whl", hash = "sha256:40b7d1291a56897927e08bb973f8c186c2feb14c7f708bfe7aaee09483e85a20"},
    {file = "regex-2019.12.9-cp27-none-win_amd64.whl", hash = "sha256:c203c9ee755e9656d0af8fab82754d5a664ebaf707b3f883c7eff6a3dd5151cf"},
    {file = "regex-2019.12.9-cp35-none-win32.whl", hash = "sha256:719978a9145d59fc78509ea1d1bb74243f93583ef2a34dcc5623cf8118ae9726"},
    {file = "regex-2019.12.9-cp35-none-win_amd64.whl", hash = "sha256:75cf3796f89f75f83207a5c6a6e14eaf57e0369ef0ffff8e22bf36bbcfa0f1de"},
    {file = "regex-2019.12.9-cp36-cp36m-manylinux1_i686.whl", hash = "sha256:a70eb00ea3c18f68102cb125677812f66cacecc5a6187fa48eaef898b3ba45e5"},
    {file = "regex-2019.12.9-cp36-cp36m-manylinux1_x86_64.whl", hash = "sha256:f8e3ca4669f6b09fdcbb3da71b358c7976f203d3e86b9e1be47790ed8915085e"},
    {file = "regex-2019.12.9-cp36-cp36m-manylinux2010_i686.whl", hash = "sha256:a07f449fef6b8159080fd0be0e15b593ea55c2760f6340076fecc2845eac6c42"},
    {file = "regex-2019.12.9-cp36-cp36m-manylinux2010_x86_64.whl", hash = "sha256:99981ccc110b55d3bc2f5140167b8515c57f782ccdd0cd85d8217e1af1f1c632"},
    {file = "regex-2019.12.9-cp36-none-win32.whl", hash = "sha256:3dbd8333fd2ebd50977ac8747385a73aa1f546eb6b16fcd83d274470fe11f243"},
    {file = "regex-2019.12.9-cp36-none-win_amd64.whl", hash = "sha256:ad9e3c7260809c0d1ded100269f78ea0217c0704f1eaaf40a382008461848b45"},
    {file = "regex-2019.12.9-cp37-cp37m-manylinux1_i686.whl", hash = "sha256:bbddddfc768052abe88d02010c1f00c7dcd88430b775239fcc44ad2b1c9285b1"},
    {file = "regex-2019.12.9-cp37-cp37m-manylinux1_x86_64.whl", hash = "sha256:ccb78a4bf24b150e5b62cf5edff1e5f0b700064407dd0f03a5db7ff8451ee437"},
    {file = "regex-2019.12.9-cp37-cp37m-manylinux2010_i686.whl", hash = "sha256:3d2d5952639615815a5dde7431265fc45b58106ca687ea16b60699c6946bfe02"},
    {file = "regex-2019.12.9-cp37-cp37m-manylinux2010_x86_64.whl", hash = "sha256:580e849ba64d7d82019c52d766b1f42cd8a398622278e8f89126800d7e5d52ea"},
    {file = "regex-2019.12.9-cp37-none-win32.whl", hash = "sha256:91235c98283d2bddf1a588f0fbc2da8afa37959294bbd18b76297bdf316ba4d6"},
    {file = "regex-2019.12.9-cp37-none-win_amd64.whl", hash = "sha256:aaffd68c4c1ed891366d5c390081f4bf6337595e76a157baf453603d8e53fbcb"},
    {file = "regex-2019.12.9-cp38-cp38-manylinux1_i686.whl", hash = "sha256:c630f23491d0810767d3523b18b9c1e67c35319e298ed7e1a05dea0402ebd424"},
    {file = "regex-2019.12.9-cp38-cp38-manylinux1_x86_64.whl", hash = "sha256:517a827c4c9bcd4a158f48970258c17a52bdd133300c93affe8b5e9ae7b4675d"},
    {file = "regex-2019.12.9-cp38-cp38-manylinux2010_i686.whl", hash = "sha256:a35d1353ec805cea8a74bc5e141cc20083f2ade3d68bd92aa8b54115f08b902b"},
    {file = "regex-2019.12.9-cp38-cp38-manylinux2010_x86_64.whl", hash = "sha256:ba442ecf7df4c1657db237fa284719d95a8298bbac0056a73aca4e8a127f2968"},
    {file = "regex-2019.12.9-cp38-none-win32.whl", hash = "sha256:e865bc508e316a3a09d36c8621596e6599a203bc54f1cd41020a127ccdac468a"},
    {file = "regex-2019.12.9-cp38-none-win_amd64.whl", hash = "sha256:77396cf80be8b2a35db863cca4c1a902d88ceeb183adab328b81184e71a5eafe"},
    {file = "regex-2019.12.9.tar.gz", hash = "sha256:77a3799152951d6d14ae5720ca162c97c64f85d4755da585418eac216b736cad"},
]
six = [
    {file = "six-1.13.0-py2.py3-none-any.whl", hash = "sha256:1f1b7d42e254082a9db6279deae68afb421ceba6158efa6131de7b3003ee93fd"},
    {file = "six-1.13.0.tar.gz", hash = "sha256:30f610279e8b2578cab6db20741130331735c781b56053c59c4076da27f06b66"},
]
toml = [
    {file = "toml-0.10.0-py2.7.egg", hash = "sha256:f1db651f9657708513243e61e6cc67d101a39bad662eaa9b5546f789338e07a3"},
    {file = "toml-0.10.0-py2.py3-none-any.whl", hash = "sha256:235682dd292d5899d361a811df37e04a8828a5b1da3115886b73cf81ebc9100e"},
    {file = "toml-0.10.0.tar.gz", hash = "sha256:229f81c57791a41d65e399fc06bf0848bab550a9dfd5ed66df18ce5f05e73d5c"},
]
typed-ast = [
    {file = "typed_ast-1.4.0-cp35-cp35m-manylinux1_i686.whl", hash = "sha256:262c247a82d005e43b5b7f69aff746370538e176131c32dda9cb0f324d27141e"},
    {file = "typed_ast-1.4.0-cp35-cp35m-manylinux1_x86_64.whl", hash = "sha256:71211d26ffd12d63a83e079ff258ac9d56a1376a25bc80b1cdcdf601b855b90b"},
    {file = "typed_ast-1.4.0-cp35-cp35m-win32.whl", hash = "sha256:630968c5cdee51a11c05a30453f8cd65e0cc1d2ad0d9192819df9978984529f4"},
    {file = "typed_ast-1.4.0-cp35-cp35m-win_amd64.whl", hash = "sha256:ffde2fbfad571af120fcbfbbc61c72469e72f550d676c3342492a9dfdefb8f12"},
    {file = "typed_ast-1.4.0-cp36-cp36m-macosx_10_9_x86_64.whl", hash = "sha256:4e0b70c6fc4d010f8107726af5fd37921b666f5b31d9331f0bd24ad9a088e631"},
    {file = "typed_ast-1.4.0-cp36-cp36m-manylinux1_i686.whl", hash = "sha256:bc6c7d3fa1325a0c6613512a093bc2a2a15aeec350451cbdf9e1d4bffe3e3233"},
    {file = "typed_ast-1.4.0-cp36-cp36m-manylinux1_x86_64.whl", hash = "sha256:cc34a6f5b426748a507dd5d1de4c1978f2eb5626d51326e43280941206c209e1"},
    {file = "typed_ast-1.4.0-cp36-cp36m-win32.whl", hash = "sha256:d896919306dd0aa22d0132f62a1b78d11aaf4c9fc5b3410d3c666b818191630a"},
    {file = "typed_ast-1.4.0-cp36-cp36m-win_amd64.whl", hash = "sha256:354c16e5babd09f5cb0ee000d54cfa38401d8b8891eefa878ac772f827181a3c"},
    {file = "typed_ast-1.4.0-cp37-cp37m-macosx_10_9_x86_64.whl", hash = "sha256:95bd11af7eafc16e829af2d3df510cecfd4387f6453355188342c3e79a2ec87a"},
    {file = "typed_ast-1.4.0-cp37-cp37m-manylinux1_i686.whl", hash = "sha256:18511a0b3e7922276346bcb47e2ef9f38fb90fd31cb9223eed42c85d1312344e"},
    {file = "typed_ast-1.4.0-cp37-cp37m-manylinux1_x86_64.whl", hash = "sha256:d7c45933b1bdfaf9f36c579671fec15d25b06c8398f113dab64c18ed1adda01d"},
    {file = "typed_ast-1.4.0-cp37-cp37m-win32.whl", hash = "sha256:d755f03c1e4a51e9b24d899561fec4ccaf51f210d52abdf8c07ee2849b212a36"},
    {file = "typed_ast-1.4.0-cp37-cp37m-win_amd64.whl", hash = "sha256:2b907eb046d049bcd9892e3076c7a6456c93a25bebfe554e931620c90e6a25b0"},
    {file = "typed_ast-1.4.0-cp38-cp38-macosx_10_9_x86_64.whl", hash = "sha256:fdc1c9bbf79510b76408840e009ed65958feba92a88833cdceecff93ae8fff66"},
    {file = "typed_ast-1.4.0-cp38-cp38-manylinux1_i686.whl", hash = "sha256:7954560051331d003b4e2b3eb822d9dd2e376fa4f6d98fee32f452f52dd6ebb2"},
    {file = "typed_ast-1.4.0-cp38-cp38-manylinux1_x86_64.whl", hash = "sha256:48e5b1e71f25cfdef98b013263a88d7145879fbb2d5185f2a0c79fa7ebbeae47"},
    {file = "typed_ast-1.4.0-cp38-cp38-win32.whl", hash = "sha256:1170afa46a3799e18b4c977777ce137bb53c7485379d9706af8a59f2ea1aa161"},
    {file = "typed_ast-1.4.0-cp38-cp38-win_amd64.whl", hash = "sha256:838997f4310012cf2e1ad3803bce2f3402e9ffb71ded61b5ee22617b3a7f6b6e"},
    {file = "typed_ast-1.4.0.tar.gz", hash = "sha256:66480f95b8167c9c5c5c87f32cf437d585937970f3fc24386f313a4c97b44e34"},
]
typing-extensions = [
    {file = "typing_extensions-3.7.4.1-py2-none-any.whl", hash = "sha256:910f4656f54de5993ad9304959ce9bb903f90aadc7c67a0bef07e678014e892d"},
    {file = "typing_extensions-3.7.4.1-py3-none-any.whl", hash = "sha256:cf8b63fedea4d89bab840ecbb93e75578af28f76f66c35889bd7065f5af88575"},
    {file = "typing_extensions-3.7.4.1.tar.gz", hash = "sha256:091ecc894d5e908ac75209f10d5b4f118fbdb2eb1ede6a63544054bb1edb41f2"},
]
uvloop = [
    {file = "uvloop-0.14.0-cp35-cp35m-macosx_10_11_x86_64.whl", hash = "sha256:08b109f0213af392150e2fe6f81d33261bb5ce968a288eb698aad4f46eb711bd"},
    {file = "uvloop-0.14.0-cp35-cp35m-manylinux2010_x86_64.whl", hash = "sha256:4544dcf77d74f3a84f03dd6278174575c44c67d7165d4c42c71db3fdc3860726"},
    {file = "uvloop-0.14.0-cp36-cp36m-macosx_10_11_x86_64.whl", hash = "sha256:b4f591aa4b3fa7f32fb51e2ee9fea1b495eb75b0b3c8d0ca52514ad675ae63f7"},
    {file = "uvloop-0.14.0-cp36-cp36m-manylinux2010_x86_64.whl", hash = "sha256:f07909cd9fc08c52d294b1570bba92186181ca01fe3dc9ffba68955273dd7362"},
    {file = "uvloop-0.14.0-cp37-cp37m-macosx_10_11_x86_64.whl", hash = "sha256:afd5513c0ae414ec71d24f6f123614a80f3d27ca655a4fcf6cabe50994cc1891"},
    {file = "uvloop-0.14.0-cp37-cp37m-manylinux2010_x86_64.whl", hash = "sha256:e7514d7a48c063226b7d06617cbb12a14278d4323a065a8d46a7962686ce2e95"},
    {file = "uvloop-0.14.0-cp38-cp38-macosx_10_11_x86_64.whl", hash = "sha256:bcac356d62edd330080aed082e78d4b580ff260a677508718f88016333e2c9c5"},
    {file = "uvloop-0.14.0-cp38-cp38-manylinux2010_x86_64.whl", hash = "sha256:4315d2ec3ca393dd5bc0b0089d23101276778c304d42faff5dc4579cb6caef09"},
    {file = "uvloop-0.14.0.tar.gz", hash = "sha256:123ac9c0c7dd71464f58f1b4ee0bbd81285d96cdda8bc3519281b8973e3a461e"},
]
zipp = [
    {file = "zipp-0.6.0-py2.py3-none-any.whl", hash = "sha256:f06903e9f1f43b12d371004b4ac7b06ab39a44adc747266928ae6debfa7b3335"},
    {file = "zipp-0.6.0.tar.gz", hash = "sha256:3718b1cbcd963c7d4c5511a8240812904164b7f381b647143a89d3b98f9bcd8e"},
]
